<?xml version="1.0" encoding="utf-8"?>
<Project ToolsVersion="4.0" xmlns="http://schemas.microsoft.com/developer/msbuild/2003">
  <ItemGroup>
    <Filter Include="Source Files">
      <UniqueIdentifier>{4FC737F1-C7A5-4376-A066-2A32D752A2FF}</UniqueIdentifier>
      <Extensions>cpp;c;cc;cxx;c++;cppm;ixx;def;odl;idl;hpj;bat;asm;asmx</Extensions>
    </Filter>
    <Filter Include="Header Files">
      <UniqueIdentifier>{93995380-89BD-4b04-88EB-625FBE52EBFB}</UniqueIdentifier>
      <Extensions>h;hh;hpp;hxx;h++;hm;inl;inc;ipp;xsd</Extensions>
    </Filter>
    <Filter Include="Resource Files">
      <UniqueIdentifier>{67DA6AB6-F800-4c08-8B7A-83BB121AAD01}</UniqueIdentifier>
      <Extensions>rc;ico;cur;bmp;dlg;rc2;rct;bin;rgs;gif;jpg;jpeg;jpe;resx;tiff;tif;png;wav;mfcribbon-ms</Extensions>
    </Filter>
    <Filter Include="Header Files\UI">
      <UniqueIdentifier>{03544621-80ae-48b6-9671-8f2d9d466890}</UniqueIdentifier>
    </Filter>
    <Filter Include="Source Files\UI">
      <UniqueIdentifier>{1bf31ae5-f38e-4db5-988a-59eae9c9928b}</UniqueIdentifier>
    </Filter>
    <Filter Include="Header Files\Networking">
      <UniqueIdentifier>{d98a19e3-7d11-49c5-ae8d-5f5a8af8d719}</UniqueIdentifier>
    </Filter>
    <Filter Include="Source Files\Networking">
      <UniqueIdentifier>{8be668b9-ece9-4d42-b024-ac9149b8b28d}</UniqueIdentifier>
    </Filter>
    <Filter Include="Source Files\Game">
      <UniqueIdentifier>{33803f1d-8e4a-4940-b448-f880a9799fe6}</UniqueIdentifier>
    </Filter>
    <Filter Include="Header Files\Game">
      <UniqueIdentifier>{f4674f2e-cd97-4b92-ac25-9b805fdd777b}</UniqueIdentifier>
    </Filter>
    <Filter Include="Source Files\Game\ConnectFour">
      <UniqueIdentifier>{1a3bf934-f379-47b7-9067-62bef14337a2}</UniqueIdentifier>
    </Filter>
    <Filter Include="Source Files\Game\Checkers">
      <UniqueIdentifier>{62a66d59-f5e9-40fd-859e-05ae0709272f}</UniqueIdentifier>
    </Filter>
    <Filter Include="Header Files\Game\Checkers">
      <UniqueIdentifier>{b37a78a0-89d8-46b8-9886-eaebe8d8fdc7}</UniqueIdentifier>
    </Filter>
    <Filter Include="Header Files\Game\ConnectFour">
      <UniqueIdentifier>{c60c7855-c37a-41b5-bc80-51d2fdfbfa85}</UniqueIdentifier>
    </Filter>
  </ItemGroup>
  <ItemGroup>
    <ClInclude Include="application.h">
      <Filter>Header Files</Filter>
    </ClInclude>
    <ClInclude Include="UI\Button.h">
      <Filter>Header Files\UI</Filter>
    </ClInclude>
    <ClInclude Include="Networking\Client.h">
      <Filter>Header Files\Networking</Filter>
    </ClInclude>
    <ClInclude Include="Game\Game.h">
      <Filter>Header Files\Game</Filter>
    </ClInclude>
    <ClInclude Include="Game\GameTable.h">
      <Filter>Header Files\Game</Filter>
    </ClInclude>
    <ClInclude Include="Game\Player.h">
      <Filter>Header Files\Game</Filter>
    </ClInclude>
    <ClInclude Include="Networking\Server.h">
      <Filter>Header Files\Networking</Filter>
    </ClInclude>
    <ClInclude Include="UI\UI.h">
      <Filter>Header Files\UI</Filter>
    </ClInclude>
    <ClInclude Include="UI\UiInput.h">
      <Filter>Header Files\UI</Filter>
    </ClInclude>
    <ClInclude Include="UI\UiSlider.h">
      <Filter>Header Files\UI</Filter>
    </ClInclude>
    <ClInclude Include="Networking\ZipPacket.h">
      <Filter>Header Files\Networking</Filter>
    </ClInclude>
    <ClInclude Include="UI\UiTextInput.h">
      <Filter>Header Files\UI</Filter>
    </ClInclude>
    <ClInclude Include="Game\ConnectFourPlayer.h">
      <Filter>Header Files\Game\ConnectFour</Filter>
    </ClInclude>
    <ClInclude Include="Game\ConnectFourTable.h">
      <Filter>Header Files\Game\ConnectFour</Filter>
    </ClInclude>
    <ClInclude Include="Game\Checkers\CheckersPlayer.h">
      <Filter>Header Files\Game\Checkers</Filter>
    </ClInclude>
    <ClInclude Include="Game\Checkers\CheckersTable.h">
      <Filter>Header Files\Game\Checkers</Filter>
    </ClInclude>
    <ClInclude Include="resource.h">
      <Filter>Header Files</Filter>
    </ClInclude>
    <ClInclude Include="Game\Checkers\CheckersPawn.h">
      <Filter>Header Files\Game\Checkers</Filter>
    </ClInclude>
    <ClInclude Include="Game\Checkers\CheckersBoardSlot.h">
      <Filter>Header Files\Game\Checkers</Filter>
    </ClInclude>
    <ClInclude Include="Game\Checkers\CheckersBoard.h">
      <Filter>Header Files\Game\Checkers</Filter>
    </ClInclude>
  </ItemGroup>
  <ItemGroup>
    <ClCompile Include="main.cpp">
      <Filter>Source Files</Filter>
    </ClCompile>
    <ClCompile Include="application.cpp">
      <Filter>Source Files</Filter>
    </ClCompile>
    <ClCompile Include="Game\GameTable.cpp">
      <Filter>Source Files\Game</Filter>
    </ClCompile>
    <ClCompile Include="UI\UI.cpp">
      <Filter>Source Files\UI</Filter>
    </ClCompile>
    <ClCompile Include="UI\UiInput.cpp">
      <Filter>Source Files\UI</Filter>
    </ClCompile>
    <ClCompile Include="UI\UiSlider.cpp">
      <Filter>Source Files\UI</Filter>
    </ClCompile>
    <ClCompile Include="UI\Button.cpp">
      <Filter>Source Files\UI</Filter>
    </ClCompile>
    <ClCompile Include="Networking\Client.cpp">
      <Filter>Source Files\Networking</Filter>
    </ClCompile>
    <ClCompile Include="Networking\ZipPacket.cpp">
      <Filter>Source Files\Networking</Filter>
    </ClCompile>
    <ClCompile Include="Networking\Server.cpp">
      <Filter>Source Files\Networking</Filter>
    </ClCompile>
    <ClCompile Include="Game\Game.cpp">
      <Filter>Source Files\Game</Filter>
    </ClCompile>
    <ClCompile Include="Game\Player.cpp">
      <Filter>Source Files\Game</Filter>
    </ClCompile>
    <ClCompile Include="UI\UiTextInput.cpp">
      <Filter>Source Files\UI</Filter>
    </ClCompile>
    <ClCompile Include="Game\ConnectFourTable.cpp">
      <Filter>Source Files\Game\ConnectFour</Filter>
    </ClCompile>
    <ClCompile Include="Game\ConnectFourPlayer.cpp">
      <Filter>Source Files\Game\ConnectFour</Filter>
    </ClCompile>
    <ClCompile Include="Game\Checkers\CheckersTable.cpp">
      <Filter>Source Files\Game\Checkers</Filter>
    </ClCompile>
    <ClCompile Include="Game\Checkers\CheckersBoard.cpp">
      <Filter>Source Files\Game\Checkers</Filter>
    </ClCompile>
    <ClCompile Include="UI\UIResources.cpp">
      <Filter>Source Files</Filter>
    </ClCompile>
    <ClCompile Include="UI\UIWindows.cpp">
      <Filter>Source Files</Filter>
    </ClCompile>
    <ClCompile Include="Game\Checkers\CheckersBoardUtils.cpp">
      <Filter>Source Files\Game\Checkers</Filter>
    </ClCompile>
    <ClCompile Include="Game\Checkers\CheckersBoardRendering.cpp">
      <Filter>Source Files\Game\Checkers</Filter>
    </ClCompile>
    <ClCompile Include="Game\Checkers\CheckersBoardLogic.cpp">
      <Filter>Source Files\Game\Checkers</Filter>
    </ClCompile>
  </ItemGroup>
  <ItemGroup>
    <ResourceCompile Include="Gameplan.rc">
      <Filter>Resource Files</Filter>
    </ResourceCompile>
  </ItemGroup>
</Project>